Microsoft Visual Studio Solution File, Format Version 12.00
# Visual Studio 2012
Project("{FAE04EC0-301F-11D3-BF4B-00C04F79EFBC}") = "TowerOfMetababel", "TowerOfMetababel.csproj", "{2E6DAFB1-3E3C-4BBA-9E05-967F8A79915F}"
EndProject
Global
	GlobalSection(SolutionConfigurationPlatforms) = preSolution
	Debug|Any CPU = Debug|Any CPU
	ExportDebug|Any CPU = ExportDebug|Any CPU
	ExportRelease|Any CPU = ExportRelease|Any CPU
	EndGlobalSection
	GlobalSection(ProjectConfigurationPlatforms) = postSolution
		{2E6DAFB1-3E3C-4BBA-9E05-967F8A79915F}.Debug|Any CPU.ActiveCfg = Debug|Any CPU
		{2E6DAFB1-3E3C-4BBA-9E05-967F8A79915F}.Debug|Any CPU.Build.0 = Debug|Any CPU
		{2E6DAFB1-3E3C-4BBA-9E05-967F8A79915F}.ExportDebug|Any CPU.ActiveCfg = ExportDebug|Any CPU
		{2E6DAFB1-3E3C-4BBA-9E05-967F8A79915F}.ExportDebug|Any CPU.Build.0 = ExportDebug|Any CPU
		{2E6DAFB1-3E3C-4BBA-9E05-967F8A79915F}.ExportRelease|Any CPU.ActiveCfg = ExportRelease|Any CPU
		{2E6DAFB1-3E3C-4BBA-9E05-967F8A79915F}.ExportRelease|Any CPU.Build.0 = ExportRelease|Any CPU
	EndGlobalSection
EndGlobal
